// !$*UTF8*$!
{
	archiveVersion = 1;
	classes = {
	};
	objectVersion = 56;
	objects = {

/* Begin PBXBuildFile section */
		3FA16AB22CBE35A2008BD48A /* mtApp.swift in Sources */ = {isa = PBXBuildFile; fileRef = 3FA16AB12CBE35A2008BD48A /* mtApp.swift */; };
		3FA16AB42CBE35A2008BD48A /* ContentView.swift in Sources */ = {isa = PBXBuildFile; fileRef = 3FA16AB32CBE35A2008BD48A /* ContentView.swift */; };
		3FA16AB62CBE35A5008BD48A /* Assets.xcassets in Resources */ = {isa = PBXBuildFile; fileRef = 3FA16AB52CBE35A5008BD48A /* Assets.xcassets */; };
		3FA16AB92CBE35A5008BD48A /* Preview Assets.xcassets in Resources */ = {isa = PBXBuildFile; fileRef = 3FA16AB82CBE35A5008BD48A /* Preview Assets.xcassets */; };
		3FA16AC12CBE35F4008BD48A /* TerminalView.swift in Sources */ = {isa = PBXBuildFile; fileRef = 3FA16AC02CBE35F4008BD48A /* TerminalView.swift */; };
		3FA16AC32CBE36D9008BD48A /* TerminalRepresentable.swift in Sources */ = {isa = PBXBuildFile; fileRef = 3FA16AC22CBE36D9008BD48A /* TerminalRepresentable.swift */; };
		3FA16AC62CBE3A46008BD48A /* CoreText.framework in Frameworks */ = {isa = PBXBuildFile; fileRef = 3FA16AC52CBE3A46008BD48A /* CoreText.framework */; };
		3FA16AC82CBF8854008BD48A /* Buffer.swift in Sources */ = {isa = PBXBuildFile; fileRef = 3FA16AC72CBF8854008BD48A /* Buffer.swift */; };
		3FA16ACC2CC0871F008BD48A /* README.md in Resources */ = {isa = PBXBuildFile; fileRef = 3FA16ACB2CC0871F008BD48A /* README.md */; };
		3FA16ACE2CC0A3DC008BD48A /* Pty.swift in Sources */ = {isa = PBXBuildFile; fileRef = 3FA16ACD2CC0A3DC008BD48A /* Pty.swift */; };
/* End PBXBuildFile section */

/* Begin PBXFileReference section */
		3FA16AAE2CBE35A2008BD48A /* mt.app */ = {isa = PBXFileReference; explicitFileType = wrapper.application; includeInIndex = 0; path = mt.app; sourceTree = BUILT_PRODUCTS_DIR; };
		3FA16AB12CBE35A2008BD48A /* mtApp.swift */ = {isa = PBXFileReference; lastKnownFileType = sourcecode.swift; path = mtApp.swift; sourceTree = "<group>"; };
		3FA16AB32CBE35A2008BD48A /* ContentView.swift */ = {isa = PBXFileReference; lastKnownFileType = sourcecode.swift; path = ContentView.swift; sourceTree = "<group>"; };
		3FA16AB52CBE35A5008BD48A /* Assets.xcassets */ = {isa = PBXFileReference; lastKnownFileType = folder.assetcatalog; path = Assets.xcassets; sourceTree = "<group>"; };
		3FA16AB82CBE35A5008BD48A /* Preview Assets.xcassets */ = {isa = PBXFileReference; lastKnownFileType = folder.assetcatalog; path = "Preview Assets.xcassets"; sourceTree = "<group>"; };
		3FA16ABA2CBE35A5008BD48A /* mt.entitlements */ = {isa = PBXFileReference; lastKnownFileType = text.plist.entitlements; path = mt.entitlements; sourceTree = "<group>"; };
		3FA16AC02CBE35F4008BD48A /* TerminalView.swift */ = {isa = PBXFileReference; lastKnownFileType = sourcecode.swift; path = TerminalView.swift; sourceTree = "<group>"; };
		3FA16AC22CBE36D9008BD48A /* TerminalRepresentable.swift */ = {isa = PBXFileReference; lastKnownFileType = sourcecode.swift; path = TerminalRepresentable.swift; sourceTree = "<group>"; };
		3FA16AC52CBE3A46008BD48A /* CoreText.framework */ = {isa = PBXFileReference; lastKnownFileType = wrapper.framework; name = CoreText.framework; path = System/Library/Frameworks/CoreText.framework; sourceTree = SDKROOT; };
		3FA16AC72CBF8854008BD48A /* Buffer.swift */ = {isa = PBXFileReference; lastKnownFileType = sourcecode.swift; path = Buffer.swift; sourceTree = "<group>"; };
		3FA16ACB2CC0871F008BD48A /* README.md */ = {isa = PBXFileReference; fileEncoding = 4; lastKnownFileType = net.daringfireball.markdown; path = README.md; sourceTree = "<group>"; };
		3FA16ACD2CC0A3DC008BD48A /* Pty.swift */ = {isa = PBXFileReference; lastKnownFileType = sourcecode.swift; path = Pty.swift; sourceTree = "<group>"; };
/* End PBXFileReference section */

/* Begin PBXFrameworksBuildPhase section */
		3FA16AAB2CBE35A2008BD48A /* Frameworks */ = {
			isa = PBXFrameworksBuildPhase;
			buildActionMask = 2147483647;
			files = (
				3FA16AC62CBE3A46008BD48A /* CoreText.framework in Frameworks */,
			);
			runOnlyForDeploymentPostprocessing = 0;
		};
/* End PBXFrameworksBuildPhase section */

/* Begin PBXGroup section */
		3FA16AA52CBE35A2008BD48A = {
			isa = PBXGroup;
			children = (
				3FA16ACB2CC0871F008BD48A /* README.md */,
				3FA16AB02CBE35A2008BD48A /* mt */,
				3FA16AAF2CBE35A2008BD48A /* Products */,
				3FA16AC42CBE3A46008BD48A /* Frameworks */,
			);
			sourceTree = "<group>";
		};
		3FA16AAF2CBE35A2008BD48A /* Products */ = {
			isa = PBXGroup;
			children = (
				3FA16AAE2CBE35A2008BD48A /* mt.app */,
			);
			name = Products;
			sourceTree = "<group>";
		};
		3FA16AB02CBE35A2008BD48A /* mt */ = {
			isa = PBXGroup;
			children = (
				3FA16AB12CBE35A2008BD48A /* mtApp.swift */,
				3FA16AB32CBE35A2008BD48A /* ContentView.swift */,
				3FA16ACA2CBF8F59008BD48A /* rendering */,
				3FA16AC72CBF8854008BD48A /* Buffer.swift */,
				3FA16ACD2CC0A3DC008BD48A /* Pty.swift */,
				3FA16AB52CBE35A5008BD48A /* Assets.xcassets */,
				3FA16ABA2CBE35A5008BD48A /* mt.entitlements */,
				3FA16AB72CBE35A5008BD48A /* Preview Content */,
			);
			path = mt;
			sourceTree = "<group>";
		};
		3FA16AB72CBE35A5008BD48A /* Preview Content */ = {
			isa = PBXGroup;
			children = (
				3FA16AB82CBE35A5008BD48A /* Preview Assets.xcassets */,
			);
			path = "Preview Content";
			sourceTree = "<group>";
		};
		3FA16AC42CBE3A46008BD48A /* Frameworks */ = {
			isa = PBXGroup;
			children = (
				3FA16AC52CBE3A46008BD48A /* CoreText.framework */,
			);
			name = Frameworks;
			sourceTree = "<group>";
		};
		3FA16ACA2CBF8F59008BD48A /* rendering */ = {
			isa = PBXGroup;
			children = (
				3FA16AC02CBE35F4008BD48A /* TerminalView.swift */,
				3FA16AC22CBE36D9008BD48A /* TerminalRepresentable.swift */,
			);
			path = rendering;
			sourceTree = "<group>";
		};
/* End PBXGroup section */

/* Begin PBXNativeTarget section */
		3FA16AAD2CBE35A2008BD48A /* mt */ = {
			isa = PBXNativeTarget;
			buildConfigurationList = 3FA16ABD2CBE35A5008BD48A /* Build configuration list for PBXNativeTarget "mt" */;
			buildPhases = (
				3FA16AAA2CBE35A2008BD48A /* Sources */,
				3FA16AAB2CBE35A2008BD48A /* Frameworks */,
				3FA16AAC2CBE35A2008BD48A /* Resources */,
			);
			buildRules = (
			);
			dependencies = (
			);
			name = mt;
			productName = mt;
			productReference = 3FA16AAE2CBE35A2008BD48A /* mt.app */;
			productType = "com.apple.product-type.application";
		};
/* End PBXNativeTarget section */

/* Begin PBXProject section */
		3FA16AA62CBE35A2008BD48A /* Project object */ = {
			isa = PBXProject;
			attributes = {
				BuildIndependentTargetsInParallel = 1;
				LastSwiftUpdateCheck = 1520;
				LastUpgradeCheck = 1520;
				TargetAttributes = {
					3FA16AAD2CBE35A2008BD48A = {
						CreatedOnToolsVersion = 15.2;
					};
				};
			};
			buildConfigurationList = 3FA16AA92CBE35A2008BD48A /* Build configuration list for PBXProject "mt" */;
			compatibilityVersion = "Xcode 14.0";
			developmentRegion = en;
			hasScannedForEncodings = 0;
			knownRegions = (
				en,
				Base,
			);
			mainGroup = 3FA16AA52CBE35A2008BD48A;
			productRefGroup = 3FA16AAF2CBE35A2008BD48A /* Products */;
			projectDirPath = "";
			projectRoot = "";
			targets = (
				3FA16AAD2CBE35A2008BD48A /* mt */,
			);
		};
/* End PBXProject section */

/* Begin PBXResourcesBuildPhase section */
		3FA16AAC2CBE35A2008BD48A /* Resources */ = {
			isa = PBXResourcesBuildPhase;
			buildActionMask = 2147483647;
			files = (
				3FA16ACC2CC0871F008BD48A /* README.md in Resources */,
				3FA16AB92CBE35A5008BD48A /* Preview Assets.xcassets in Resources */,
				3FA16AB62CBE35A5008BD48A /* Assets.xcassets in Resources */,
			);
			runOnlyForDeploymentPostprocessing = 0;
		};
/* End PBXResourcesBuildPhase section */

/* Begin PBXSourcesBuildPhase section */
		3FA16AAA2CBE35A2008BD48A /* Sources */ = {
			isa = PBXSourcesBuildPhase;
			buildActionMask = 2147483647;
			files = (
				3FA16ACE2CC0A3DC008BD48A /* Pty.swift in Sources */,
				3FA16AB42CBE35A2008BD48A /* ContentView.swift in Sources */,
				3FA16AC12CBE35F4008BD48A /* TerminalView.swift in Sources */,
				3FA16AC82CBF8854008BD48A /* Buffer.swift in Sources */,
				3FA16AC32CBE36D9008BD48A /* TerminalRepresentable.swift in Sources */,
				3FA16AB22CBE35A2008BD48A /* mtApp.swift in Sources */,
			);
			runOnlyForDeploymentPostprocessing = 0;
		};
/* End PBXSourcesBuildPhase section */

/* Begin XCBuildConfiguration section */
		3FA16ABB2CBE35A5008BD48A /* Debug */ = {
			isa = XCBuildConfiguration;
			buildSettings = {
				ALWAYS_SEARCH_USER_PATHS = NO;
				ASSETCATALOG_COMPILER_GENERATE_SWIFT_ASSET_SYMBOL_EXTENSIONS = YES;
				CLANG_ANALYZER_NONNULL = YES;
				CLANG_ANALYZER_NUMBER_OBJECT_CONVERSION = YES_AGGRESSIVE;
				CLANG_CXX_LANGUAGE_STANDARD = "gnu++20";
				CLANG_ENABLE_MODULES = YES;
				CLANG_ENABLE_OBJC_ARC = YES;
				CLANG_ENABLE_OBJC_WEAK = YES;
				CLANG_WARN_BLOCK_CAPTURE_AUTORELEASING = YES;
				CLANG_WARN_BOOL_CONVERSION = YES;
				CLANG_WARN_COMMA = YES;
				CLANG_WARN_CONSTANT_CONVERSION = YES;
				CLANG_WARN_DEPRECATED_OBJC_IMPLEMENTATIONS = YES;
				CLANG_WARN_DIRECT_OBJC_ISA_USAGE = YES_ERROR;
				CLANG_WARN_DOCUMENTATION_COMMENTS = YES;
				CLANG_WARN_EMPTY_BODY = YES;
				CLANG_WARN_ENUM_CONVERSION = YES;
				CLANG_WARN_INFINITE_RECURSION = YES;
				CLANG_WARN_INT_CONVERSION = YES;
				CLANG_WARN_NON_LITERAL_NULL_CONVERSION = YES;
				CLANG_WARN_OBJC_IMPLICIT_RETAIN_SELF = YES;
				CLANG_WARN_OBJC_LITERAL_CONVERSION = YES;
				CLANG_WARN_OBJC_ROOT_CLASS = YES_ERROR;
				CLANG_WARN_QUOTED_INCLUDE_IN_FRAMEWORK_HEADER = YES;
				CLANG_WARN_RANGE_LOOP_ANALYSIS = YES;
				CLANG_WARN_STRICT_PROTOTYPES = YES;
				CLANG_WARN_SUSPICIOUS_MOVE = YES;
				CLANG_WARN_UNGUARDED_AVAILABILITY = YES_AGGRESSIVE;
				CLANG_WARN_UNREACHABLE_CODE = YES;
				CLANG_WARN__DUPLICATE_METHOD_MATCH = YES;
				COPY_PHASE_STRIP = NO;
				DEBUG_INFORMATION_FORMAT = dwarf;
				ENABLE_STRICT_OBJC_MSGSEND = YES;
				ENABLE_TESTABILITY = YES;
				ENABLE_USER_SCRIPT_SANDBOXING = YES;
				GCC_C_LANGUAGE_STANDARD = gnu17;
				GCC_DYNAMIC_NO_PIC = NO;
				GCC_NO_COMMON_BLOCKS = YES;
				GCC_OPTIMIZATION_LEVEL = 0;
				GCC_PREPROCESSOR_DEFINITIONS = (
					"DEBUG=1",
					"$(inherited)",
				);
				GCC_WARN_64_TO_32_BIT_CONVERSION = YES;
				GCC_WARN_ABOUT_RETURN_TYPE = YES_ERROR;
				GCC_WARN_UNDECLARED_SELECTOR = YES;
				GCC_WARN_UNINITIALIZED_AUTOS = YES_AGGRESSIVE;
				GCC_WARN_UNUSED_FUNCTION = YES;
				GCC_WARN_UNUSED_VARIABLE = YES;
				LOCALIZATION_PREFERS_STRING_CATALOGS = YES;
				MACOSX_DEPLOYMENT_TARGET = 13.6;
				MTL_ENABLE_DEBUG_INFO = INCLUDE_SOURCE;
				MTL_FAST_MATH = YES;
				ONLY_ACTIVE_ARCH = YES;
				SDKROOT = macosx;
				SWIFT_ACTIVE_COMPILATION_CONDITIONS = "DEBUG $(inherited)";
				SWIFT_OPTIMIZATION_LEVEL = "-Onone";
			};
			name = Debug;
		};
		3FA16ABC2CBE35A5008BD48A /* Release */ = {
			isa = XCBuildConfiguration;
			buildSettings = {
				ALWAYS_SEARCH_USER_PATHS = NO;
				ASSETCATALOG_COMPILER_GENERATE_SWIFT_ASSET_SYMBOL_EXTENSIONS = YES;
				CLANG_ANALYZER_NONNULL = YES;
				CLANG_ANALYZER_NUMBER_OBJECT_CONVERSION = YES_AGGRESSIVE;
				CLANG_CXX_LANGUAGE_STANDARD = "gnu++20";
				CLANG_ENABLE_MODULES = YES;
				CLANG_ENABLE_OBJC_ARC = YES;
				CLANG_ENABLE_OBJC_WEAK = YES;
				CLANG_WARN_BLOCK_CAPTURE_AUTORELEASING = YES;
				CLANG_WARN_BOOL_CONVERSION = YES;
				CLANG_WARN_COMMA = YES;
				CLANG_WARN_CONSTANT_CONVERSION = YES;
				CLANG_WARN_DEPRECATED_OBJC_IMPLEMENTATIONS = YES;
				CLANG_WARN_DIRECT_OBJC_ISA_USAGE = YES_ERROR;
				CLANG_WARN_DOCUMENTATION_COMMENTS = YES;
				CLANG_WARN_EMPTY_BODY = YES;
				CLANG_WARN_ENUM_CONVERSION = YES;
				CLANG_WARN_INFINITE_RECURSION = YES;
				CLANG_WARN_INT_CONVERSION = YES;
				CLANG_WARN_NON_LITERAL_NULL_CONVERSION = YES;
				CLANG_WARN_OBJC_IMPLICIT_RETAIN_SELF = YES;
				CLANG_WARN_OBJC_LITERAL_CONVERSION = YES;
				CLANG_WARN_OBJC_ROOT_CLASS = YES_ERROR;
				CLANG_WARN_QUOTED_INCLUDE_IN_FRAMEWORK_HEADER = YES;
				CLANG_WARN_RANGE_LOOP_ANALYSIS = YES;
				CLANG_WARN_STRICT_PROTOTYPES = YES;
				CLANG_WARN_SUSPICIOUS_MOVE = YES;
				CLANG_WARN_UNGUARDED_AVAILABILITY = YES_AGGRESSIVE;
				CLANG_WARN_UNREACHABLE_CODE = YES;
				CLANG_WARN__DUPLICATE_METHOD_MATCH = YES;
				COPY_PHASE_STRIP = NO;
				DEBUG_INFORMATION_FORMAT = "dwarf-with-dsym";
				ENABLE_NS_ASSERTIONS = NO;
				ENABLE_STRICT_OBJC_MSGSEND = YES;
				ENABLE_USER_SCRIPT_SANDBOXING = YES;
				GCC_C_LANGUAGE_STANDARD = gnu17;
				GCC_NO_COMMON_BLOCKS = YES;
				GCC_WARN_64_TO_32_BIT_CONVERSION = YES;
				GCC_WARN_ABOUT_RETURN_TYPE = YES_ERROR;
				GCC_WARN_UNDECLARED_SELECTOR = YES;
				GCC_WARN_UNINITIALIZED_AUTOS = YES_AGGRESSIVE;
				GCC_WARN_UNUSED_FUNCTION = YES;
				GCC_WARN_UNUSED_VARIABLE = YES;
				LOCALIZATION_PREFERS_STRING_CATALOGS = YES;
				MACOSX_DEPLOYMENT_TARGET = 13.6;
				MTL_ENABLE_DEBUG_INFO = NO;
				MTL_FAST_MATH = YES;
				SDKROOT = macosx;
				SWIFT_COMPILATION_MODE = wholemodule;
			};
			name = Release;
		};
		3FA16ABE2CBE35A5008BD48A /* Debug */ = {
			isa = XCBuildConfiguration;
			buildSettings = {
				ASSETCATALOG_COMPILER_APPICON_NAME = AppIcon;
				ASSETCATALOG_COMPILER_GLOBAL_ACCENT_COLOR_NAME = AccentColor;
				CODE_SIGN_ENTITLEMENTS = mt/mt.entitlements;
				CODE_SIGN_STYLE = Automatic;
				COMBINE_HIDPI_IMAGES = YES;
				CURRENT_PROJECT_VERSION = 1;
				DEVELOPMENT_ASSET_PATHS = "\"mt/Preview Content\"";
				DEVELOPMENT_TEAM = 48Y89F7LDM;
				ENABLE_HARDENED_RUNTIME = YES;
				ENABLE_PREVIEWS = YES;
				GENERATE_INFOPLIST_FILE = YES;
				INFOPLIST_KEY_NSHumanReadableCopyright = "";
				LD_RUNPATH_SEARCH_PATHS = (
					"$(inherited)",
					"@executable_path/../Frameworks",
				);
				MARKETING_VERSION = 1.0;
				PRODUCT_BUNDLE_IDENTIFIER = com.mano.mt;
				PRODUCT_NAME = "$(TARGET_NAME)";
				SWIFT_EMIT_LOC_STRINGS = YES;
				SWIFT_VERSION = 5.0;
			};
			name = Debug;
		};
		3FA16ABF2CBE35A5008BD48A /* Release */ = {
			isa = XCBuildConfiguration;
			buildSettings = {
				ASSETCATALOG_COMPILER_APPICON_NAME = AppIcon;
				ASSETCATALOG_COMPILER_GLOBAL_ACCENT_COLOR_NAME = AccentColor;
				CODE_SIGN_ENTITLEMENTS = mt/mt.entitlements;
				CODE_SIGN_STYLE = Automatic;
				COMBINE_HIDPI_IMAGES = YES;
				CURRENT_PROJECT_VERSION = 1;
				DEVELOPMENT_ASSET_PATHS = "\"mt/Preview Content\"";
				DEVELOPMENT_TEAM = 48Y89F7LDM;
				ENABLE_HARDENED_RUNTIME = YES;
				ENABLE_PREVIEWS = YES;
				GENERATE_INFOPLIST_FILE = YES;
				INFOPLIST_KEY_NSHumanReadableCopyright = "";
				LD_RUNPATH_SEARCH_PATHS = (
					"$(inherited)",
					"@executable_path/../Frameworks",
				);
				MARKETING_VERSION = 1.0;
				PRODUCT_BUNDLE_IDENTIFIER = com.mano.mt;
				PRODUCT_NAME = "$(TARGET_NAME)";
				SWIFT_EMIT_LOC_STRINGS = YES;
				SWIFT_VERSION = 5.0;
			};
			name = Release;
		};
/* End XCBuildConfiguration section */

/* Begin XCConfigurationList section */
		3FA16AA92CBE35A2008BD48A /* Build configuration list for PBXProject "mt" */ = {
			isa = XCConfigurationList;
			buildConfigurations = (
				3FA16ABB2CBE35A5008BD48A /* Debug */,
				3FA16ABC2CBE35A5008BD48A /* Release */,
			);
			defaultConfigurationIsVisible = 0;
			defaultConfigurationName = Release;
		};
		3FA16ABD2CBE35A5008BD48A /* Build configuration list for PBXNativeTarget "mt" */ = {
			isa = XCConfigurationList;
			buildConfigurations = (
				3FA16ABE2CBE35A5008BD48A /* Debug */,
				3FA16ABF2CBE35A5008BD48A /* Release */,
			);
			defaultConfigurationIsVisible = 0;
			defaultConfigurationName = Release;
		};
/* End XCConfigurationList section */
	};
	rootObject = 3FA16AA62CBE35A2008BD48A /* Project object */;
}
